// !$*UTF8*$!
{
	archiveVersion = 1;
	classes = {
	};
	objectVersion = 48;
	objects = {

/* Begin PBXBuildFile section */
		35CB644EA464B94FCE103849 /* Pods_Zaful.framework in Frameworks */ = {isa = PBXBuildFile; fileRef = ED1ADAFEF07EB14F2295CD9D /* Pods_Zaful.framework */; };
		A40190161FC44F6F00541113 /* LoginViewController.swift in Sources */ = {isa = PBXBuildFile; fileRef = A40190151FC44F6F00541113 /* LoginViewController.swift */; };
		A450A3401FB6ABFB0009CD02 /* AppDelegate.swift in Sources */ = {isa = PBXBuildFile; fileRef = A450A33F1FB6ABFB0009CD02 /* AppDelegate.swift */; };
		A450A3471FB6ABFB0009CD02 /* Assets.xcassets in Resources */ = {isa = PBXBuildFile; fileRef = A450A3461FB6ABFB0009CD02 /* Assets.xcassets */; };
		A450A3551FB6ABFC0009CD02 /* ZafulTests.swift in Sources */ = {isa = PBXBuildFile; fileRef = A450A3541FB6ABFC0009CD02 /* ZafulTests.swift */; };
		A450A39E1FB6C65A0009CD02 /* BaseViewController.swift in Sources */ = {isa = PBXBuildFile; fileRef = A450A39A1FB6C65A0009CD02 /* BaseViewController.swift */; };
		A450A39F1FB6C65A0009CD02 /* NavigationViewController.swift in Sources */ = {isa = PBXBuildFile; fileRef = A450A39B1FB6C65A0009CD02 /* NavigationViewController.swift */; };
		A4586A441FE262DB007BBD55 /* LocalizationMannager.swift in Sources */ = {isa = PBXBuildFile; fileRef = A4586A431FE262DB007BBD55 /* LocalizationMannager.swift */; };
		A4586A491FE29EDD007BBD55 /* Localizable.strings in Resources */ = {isa = PBXBuildFile; fileRef = A4586A4B1FE29EDD007BBD55 /* Localizable.strings */; };
		A4627CD61FC7B23200A714FA /* HomeMenuModel.swift in Sources */ = {isa = PBXBuildFile; fileRef = A4627CD51FC7B23200A714FA /* HomeMenuModel.swift */; };
		A48452F21FBBD84F00A8C821 /* GoogleService-Info .plist in Resources */ = {isa = PBXBuildFile; fileRef = A48452F11FBBD84F00A8C821 /* GoogleService-Info .plist */; };
		A48AF0711FC6EDEB00790932 /* TabbarBasicContentView.swift in Sources */ = {isa = PBXBuildFile; fileRef = A48AF06F1FC6EDEB00790932 /* TabbarBasicContentView.swift */; };
		A48AF0721FC6EDEB00790932 /* TabbarBouncesContentView.swift in Sources */ = {isa = PBXBuildFile; fileRef = A48AF0701FC6EDEB00790932 /* TabbarBouncesContentView.swift */; };
		A48AF0761FC6F06400790932 /* HomeRequest.swift in Sources */ = {isa = PBXBuildFile; fileRef = A48AF0751FC6F06400790932 /* HomeRequest.swift */; };
		A4B4D7341FE2069C007E192F /* UIViewFrameLayoutExtention.swift in Sources */ = {isa = PBXBuildFile; fileRef = A4B4D7331FE2069C007E192F /* UIViewFrameLayoutExtention.swift */; };
		A4B882041FC2E22C00B460EF /* AlertView.swift in Sources */ = {isa = PBXBuildFile; fileRef = A4B881F01FC2E22C00B460EF /* AlertView.swift */; };
		A4B882051FC2E22C00B460EF /* loop_place.png in Resources */ = {isa = PBXBuildFile; fileRef = A4B881F21FC2E22C00B460EF /* loop_place.png */; };
		A4B882061FC2E22C00B460EF /* LoopCollectionViewCell.swift in Sources */ = {isa = PBXBuildFile; fileRef = A4B881F31FC2E22C00B460EF /* LoopCollectionViewCell.swift */; };
		A4B882071FC2E22C00B460EF /* LoopScrollView.swift in Sources */ = {isa = PBXBuildFile; fileRef = A4B881F41FC2E22C00B460EF /* LoopScrollView.swift */; };
		A4B882081FC2E22C00B460EF /* Readme.strings in Resources */ = {isa = PBXBuildFile; fileRef = A4B881F51FC2E22C00B460EF /* Readme.strings */; };
		A4B8820B1FC2E22C00B460EF /* UIView+EmptyView.swift in Sources */ = {isa = PBXBuildFile; fileRef = A4B881FA1FC2E22C00B460EF /* UIView+EmptyView.swift */; };
		A4B8820C1FC2E22C00B460EF /* loading_image_center.png in Resources */ = {isa = PBXBuildFile; fileRef = A4B881FD1FC2E22C00B460EF /* loading_image_center.png */; };
		A4B8820D1FC2E22C00B460EF /* loading_image_circle.png in Resources */ = {isa = PBXBuildFile; fileRef = A4B881FE1FC2E22C00B460EF /* loading_image_circle.png */; };
		A4B8820E1FC2E22C00B460EF /* ProgressHub.swift in Sources */ = {isa = PBXBuildFile; fileRef = A4B881FF1FC2E22C00B460EF /* ProgressHub.swift */; };
		A4B8820F1FC2E22C00B460EF /* Readme.strings in Resources */ = {isa = PBXBuildFile; fileRef = A4B882001FC2E22C00B460EF /* Readme.strings */; };
		A4B882101FC2E22C00B460EF /* RefreshStyle.swift in Sources */ = {isa = PBXBuildFile; fileRef = A4B882021FC2E22C00B460EF /* RefreshStyle.swift */; };
		A4B882161FC2E25000B460EF /* SystemMacros.swift in Sources */ = {isa = PBXBuildFile; fileRef = A4B882111FC2E24F00B460EF /* SystemMacros.swift */; };
		A4B882171FC2E25000B460EF /* AppMacros.swift in Sources */ = {isa = PBXBuildFile; fileRef = A4B882121FC2E24F00B460EF /* AppMacros.swift */; };
		A4B882181FC2E25000B460EF /* BusinessEnumMacros.swift in Sources */ = {isa = PBXBuildFile; fileRef = A4B882131FC2E24F00B460EF /* BusinessEnumMacros.swift */; };
		A4B882191FC2E25000B460EF /* VendorMacros.swift in Sources */ = {isa = PBXBuildFile; fileRef = A4B882141FC2E24F00B460EF /* VendorMacros.swift */; };
		A4B8821A1FC2E25000B460EF /* NotificationMacros.swift in Sources */ = {isa = PBXBuildFile; fileRef = A4B882151FC2E24F00B460EF /* NotificationMacros.swift */; };
		A4B882221FC2E28A00B460EF /* NSStringMYURLExtention.swift in Sources */ = {isa = PBXBuildFile; fileRef = A4B8821B1FC2E28900B460EF /* NSStringMYURLExtention.swift */; };
		A4B882231FC2E28A00B460EF /* StringValidateExtention.swift in Sources */ = {isa = PBXBuildFile; fileRef = A4B8821C1FC2E28900B460EF /* StringValidateExtention.swift */; };
		A4B882241FC2E28A00B460EF /* UIColorConvertExtention.swift in Sources */ = {isa = PBXBuildFile; fileRef = A4B8821D1FC2E28900B460EF /* UIColorConvertExtention.swift */; };
		A4B882251FC2E28A00B460EF /* UIImageDrawExtention.swift in Sources */ = {isa = PBXBuildFile; fileRef = A4B8821E1FC2E28900B460EF /* UIImageDrawExtention.swift */; };
		A4B882271FC2E28A00B460EF /* UIButtonExtensions.swift in Sources */ = {isa = PBXBuildFile; fileRef = A4B882201FC2E28A00B460EF /* UIButtonExtensions.swift */; };
		A4B882281FC2E28A00B460EF /* NSStringSizeExtention.swift in Sources */ = {isa = PBXBuildFile; fileRef = A4B882211FC2E28A00B460EF /* NSStringSizeExtention.swift */; };
		A4B8822A1FC2E7C800B460EF /* CategorysViewController.swift in Sources */ = {isa = PBXBuildFile; fileRef = A4B882291FC2E7C800B460EF /* CategorysViewController.swift */; };
		A4B8822C1FC2E80000B460EF /* FavoriteViewController.swift in Sources */ = {isa = PBXBuildFile; fileRef = A4B8822B1FC2E80000B460EF /* FavoriteViewController.swift */; };
		A4B8822E1FC2E85100B460EF /* HomeMainViewController.swift in Sources */ = {isa = PBXBuildFile; fileRef = A4B8822D1FC2E85100B460EF /* HomeMainViewController.swift */; };
		A4B882301FC2EBDC00B460EF /* MineViewController.swift in Sources */ = {isa = PBXBuildFile; fileRef = A4B8822F1FC2EBDC00B460EF /* MineViewController.swift */; };
		A4B882321FC2EBFF00B460EF /* CommunityViewController.swift in Sources */ = {isa = PBXBuildFile; fileRef = A4B882311FC2EBFF00B460EF /* CommunityViewController.swift */; };
		A4B882341FC2F53100B460EF /* MainTabBarController.swift in Sources */ = {isa = PBXBuildFile; fileRef = A4B882331FC2F53100B460EF /* MainTabBarController.swift */; };
		A4B993041FDB865A0001DF38 /* RequestCommonParameters.swift in Sources */ = {isa = PBXBuildFile; fileRef = A4B993031FDB865A0001DF38 /* RequestCommonParameters.swift */; };
		A4B993081FDB89780001DF38 /* HomeMenuViewModel.swift in Sources */ = {isa = PBXBuildFile; fileRef = A4B993071FDB89780001DF38 /* HomeMenuViewModel.swift */; };
		A4B9930A1FDBC9760001DF38 /* LoginMannager.swift in Sources */ = {isa = PBXBuildFile; fileRef = A4B993091FDBC9750001DF38 /* LoginMannager.swift */; };
		A4B9930C1FDBD6180001DF38 /* ChannelViewController.swift in Sources */ = {isa = PBXBuildFile; fileRef = A4B9930B1FDBD6180001DF38 /* ChannelViewController.swift */; };
		A4B9930E1FDBD9FD0001DF38 /* HomeViewController.swift in Sources */ = {isa = PBXBuildFile; fileRef = A4B9930D1FDBD9FD0001DF38 /* HomeViewController.swift */; };
		A4B993101FDE5A0C0001DF38 /* VirtualCategoryViewController.swift in Sources */ = {isa = PBXBuildFile; fileRef = A4B9930F1FDE5A0C0001DF38 /* VirtualCategoryViewController.swift */; };
		A4B993221FDFB2220001DF38 /* InstanceViewsProtocol.swift in Sources */ = {isa = PBXBuildFile; fileRef = A4B993211FDFB2220001DF38 /* InstanceViewsProtocol.swift */; };
/* End PBXBuildFile section */

/* Begin PBXContainerItemProxy section */
		A450A3511FB6ABFC0009CD02 /* PBXContainerItemProxy */ = {
			isa = PBXContainerItemProxy;
			containerPortal = A450A3341FB6ABFB0009CD02 /* Project object */;
			proxyType = 1;
			remoteGlobalIDString = A450A33B1FB6ABFB0009CD02;
			remoteInfo = Zaful;
		};
/* End PBXContainerItemProxy section */

/* Begin PBXFileReference section */
		A40190151FC44F6F00541113 /* LoginViewController.swift */ = {isa = PBXFileReference; lastKnownFileType = sourcecode.swift; path = LoginViewController.swift; sourceTree = "<group>"; };
		A450A33C1FB6ABFB0009CD02 /* Zaful.app */ = {isa = PBXFileReference; explicitFileType = wrapper.application; includeInIndex = 0; path = Zaful.app; sourceTree = BUILT_PRODUCTS_DIR; };
		A450A33F1FB6ABFB0009CD02 /* AppDelegate.swift */ = {isa = PBXFileReference; lastKnownFileType = sourcecode.swift; path = AppDelegate.swift; sourceTree = "<group>"; };
		A450A3461FB6ABFB0009CD02 /* Assets.xcassets */ = {isa = PBXFileReference; lastKnownFileType = folder.assetcatalog; path = Assets.xcassets; sourceTree = "<group>"; };
		A450A34B1FB6ABFC0009CD02 /* Info.plist */ = {isa = PBXFileReference; lastKnownFileType = text.plist.xml; path = Info.plist; sourceTree = "<group>"; };
		A450A3501FB6ABFC0009CD02 /* ZafulTests.xctest */ = {isa = PBXFileReference; explicitFileType = wrapper.cfbundle; includeInIndex = 0; path = ZafulTests.xctest; sourceTree = BUILT_PRODUCTS_DIR; };
		A450A3541FB6ABFC0009CD02 /* ZafulTests.swift */ = {isa = PBXFileReference; lastKnownFileType = sourcecode.swift; path = ZafulTests.swift; sourceTree = "<group>"; };
		A450A3561FB6ABFC0009CD02 /* Info.plist */ = {isa = PBXFileReference; lastKnownFileType = text.plist.xml; path = Info.plist; sourceTree = "<group>"; };
		A450A39A1FB6C65A0009CD02 /* BaseViewController.swift */ = {isa = PBXFileReference; fileEncoding = 4; lastKnownFileType = sourcecode.swift; path = BaseViewController.swift; sourceTree = "<group>"; };
		A450A39B1FB6C65A0009CD02 /* NavigationViewController.swift */ = {isa = PBXFileReference; fileEncoding = 4; lastKnownFileType = sourcecode.swift; path = NavigationViewController.swift; sourceTree = "<group>"; };
		A4586A431FE262DB007BBD55 /* LocalizationMannager.swift */ = {isa = PBXFileReference; lastKnownFileType = sourcecode.swift; path = LocalizationMannager.swift; sourceTree = "<group>"; };
		A4586A4A1FE29EDD007BBD55 /* en */ = {isa = PBXFileReference; lastKnownFileType = text.plist.strings; name = en; path = en.lproj/Localizable.strings; sourceTree = "<group>"; };
		A4586A4C1FE29EF6007BBD55 /* es */ = {isa = PBXFileReference; lastKnownFileType = text.plist.strings; name = es; path = es.lproj/Localizable.strings; sourceTree = "<group>"; };
		A4586A4D1FE29F05007BBD55 /* ar */ = {isa = PBXFileReference; lastKnownFileType = text.plist.strings; name = ar; path = ar.lproj/Localizable.strings; sourceTree = "<group>"; };
		A4586A4E1FE29FDC007BBD55 /* fr */ = {isa = PBXFileReference; lastKnownFileType = text.plist.strings; name = fr; path = fr.lproj/Localizable.strings; sourceTree = "<group>"; };
		A4586A4F1FE2B156007BBD55 /* Base */ = {isa = PBXFileReference; lastKnownFileType = text.plist.strings; name = Base; path = Base.lproj/Localizable.strings; sourceTree = "<group>"; };
		A4627CD51FC7B23200A714FA /* HomeMenuModel.swift */ = {isa = PBXFileReference; lastKnownFileType = sourcecode.swift; path = HomeMenuModel.swift; sourceTree = "<group>"; };
		A48452F11FBBD84F00A8C821 /* GoogleService-Info .plist */ = {isa = PBXFileReference; fileEncoding = 4; lastKnownFileType = text.plist.xml; path = "GoogleService-Info .plist"; sourceTree = "<group>"; };
		A48AF06F1FC6EDEB00790932 /* TabbarBasicContentView.swift */ = {isa = PBXFileReference; fileEncoding = 4; lastKnownFileType = sourcecode.swift; path = TabbarBasicContentView.swift; sourceTree = "<group>"; };
		A48AF0701FC6EDEB00790932 /* TabbarBouncesContentView.swift */ = {isa = PBXFileReference; fileEncoding = 4; lastKnownFileType = sourcecode.swift; path = TabbarBouncesContentView.swift; sourceTree = "<group>"; };
		A48AF0751FC6F06400790932 /* HomeRequest.swift */ = {isa = PBXFileReference; lastKnownFileType = sourcecode.swift; path = HomeRequest.swift; sourceTree = "<group>"; };
		A4B4D7331FE2069C007E192F /* UIViewFrameLayoutExtention.swift */ = {isa = PBXFileReference; fileEncoding = 4; lastKnownFileType = sourcecode.swift; path = UIViewFrameLayoutExtention.swift; sourceTree = "<group>"; };
		A4B881F01FC2E22C00B460EF /* AlertView.swift */ = {isa = PBXFileReference; fileEncoding = 4; lastKnownFileType = sourcecode.swift; path = AlertView.swift; sourceTree = "<group>"; };
		A4B881F21FC2E22C00B460EF /* loop_place.png */ = {isa = PBXFileReference; lastKnownFileType = image.png; path = loop_place.png; sourceTree = "<group>"; };
		A4B881F31FC2E22C00B460EF /* LoopCollectionViewCell.swift */ = {isa = PBXFileReference; fileEncoding = 4; lastKnownFileType = sourcecode.swift; path = LoopCollectionViewCell.swift; sourceTree = "<group>"; };
		A4B881F41FC2E22C00B460EF /* LoopScrollView.swift */ = {isa = PBXFileReference; fileEncoding = 4; lastKnownFileType = sourcecode.swift; path = LoopScrollView.swift; sourceTree = "<group>"; };
		A4B881F51FC2E22C00B460EF /* Readme.strings */ = {isa = PBXFileReference; fileEncoding = 4; lastKnownFileType = text.plist.strings; path = Readme.strings; sourceTree = "<group>"; };
		A4B881FA1FC2E22C00B460EF /* UIView+EmptyView.swift */ = {isa = PBXFileReference; fileEncoding = 4; lastKnownFileType = sourcecode.swift; path = "UIView+EmptyView.swift"; sourceTree = "<group>"; };
		A4B881FD1FC2E22C00B460EF /* loading_image_center.png */ = {isa = PBXFileReference; lastKnownFileType = image.png; path = loading_image_center.png; sourceTree = "<group>"; };
		A4B881FE1FC2E22C00B460EF /* loading_image_circle.png */ = {isa = PBXFileReference; lastKnownFileType = image.png; path = loading_image_circle.png; sourceTree = "<group>"; };
		A4B881FF1FC2E22C00B460EF /* ProgressHub.swift */ = {isa = PBXFileReference; fileEncoding = 4; lastKnownFileType = sourcecode.swift; path = ProgressHub.swift; sourceTree = "<group>"; };
		A4B882001FC2E22C00B460EF /* Readme.strings */ = {isa = PBXFileReference; fileEncoding = 4; lastKnownFileType = text.plist.strings; path = Readme.strings; sourceTree = "<group>"; };
		A4B882021FC2E22C00B460EF /* RefreshStyle.swift */ = {isa = PBXFileReference; fileEncoding = 4; lastKnownFileType = sourcecode.swift; path = RefreshStyle.swift; sourceTree = "<group>"; };
		A4B882111FC2E24F00B460EF /* SystemMacros.swift */ = {isa = PBXFileReference; fileEncoding = 4; lastKnownFileType = sourcecode.swift; path = SystemMacros.swift; sourceTree = "<group>"; };
		A4B882121FC2E24F00B460EF /* AppMacros.swift */ = {isa = PBXFileReference; fileEncoding = 4; lastKnownFileType = sourcecode.swift; path = AppMacros.swift; sourceTree = "<group>"; };
		A4B882131FC2E24F00B460EF /* BusinessEnumMacros.swift */ = {isa = PBXFileReference; fileEncoding = 4; lastKnownFileType = sourcecode.swift; path = BusinessEnumMacros.swift; sourceTree = "<group>"; };
		A4B882141FC2E24F00B460EF /* VendorMacros.swift */ = {isa = PBXFileReference; fileEncoding = 4; lastKnownFileType = sourcecode.swift; path = VendorMacros.swift; sourceTree = "<group>"; };
		A4B882151FC2E24F00B460EF /* NotificationMacros.swift */ = {isa = PBXFileReference; fileEncoding = 4; lastKnownFileType = sourcecode.swift; path = NotificationMacros.swift; sourceTree = "<group>"; };
		A4B8821B1FC2E28900B460EF /* NSStringMYURLExtention.swift */ = {isa = PBXFileReference; fileEncoding = 4; lastKnownFileType = sourcecode.swift; path = NSStringMYURLExtention.swift; sourceTree = "<group>"; };
		A4B8821C1FC2E28900B460EF /* StringValidateExtention.swift */ = {isa = PBXFileReference; fileEncoding = 4; lastKnownFileType = sourcecode.swift; path = StringValidateExtention.swift; sourceTree = "<group>"; };
		A4B8821D1FC2E28900B460EF /* UIColorConvertExtention.swift */ = {isa = PBXFileReference; fileEncoding = 4; lastKnownFileType = sourcecode.swift; path = UIColorConvertExtention.swift; sourceTree = "<group>"; };
		A4B8821E1FC2E28900B460EF /* UIImageDrawExtention.swift */ = {isa = PBXFileReference; fileEncoding = 4; lastKnownFileType = sourcecode.swift; path = UIImageDrawExtention.swift; sourceTree = "<group>"; };
		A4B882201FC2E28A00B460EF /* UIButtonExtensions.swift */ = {isa = PBXFileReference; fileEncoding = 4; lastKnownFileType = sourcecode.swift; path = UIButtonExtensions.swift; sourceTree = "<group>"; };
		A4B882211FC2E28A00B460EF /* NSStringSizeExtention.swift */ = {isa = PBXFileReference; fileEncoding = 4; lastKnownFileType = sourcecode.swift; path = NSStringSizeExtention.swift; sourceTree = "<group>"; };
		A4B882291FC2E7C800B460EF /* CategorysViewController.swift */ = {isa = PBXFileReference; lastKnownFileType = sourcecode.swift; path = CategorysViewController.swift; sourceTree = "<group>"; };
		A4B8822B1FC2E80000B460EF /* FavoriteViewController.swift */ = {isa = PBXFileReference; lastKnownFileType = sourcecode.swift; path = FavoriteViewController.swift; sourceTree = "<group>"; };
		A4B8822D1FC2E85100B460EF /* HomeMainViewController.swift */ = {isa = PBXFileReference; lastKnownFileType = sourcecode.swift; path = HomeMainViewController.swift; sourceTree = "<group>"; };
		A4B8822F1FC2EBDC00B460EF /* MineViewController.swift */ = {isa = PBXFileReference; lastKnownFileType = sourcecode.swift; path = MineViewController.swift; sourceTree = "<group>"; };
		A4B882311FC2EBFF00B460EF /* CommunityViewController.swift */ = {isa = PBXFileReference; lastKnownFileType = sourcecode.swift; path = CommunityViewController.swift; sourceTree = "<group>"; };
		A4B882331FC2F53100B460EF /* MainTabBarController.swift */ = {isa = PBXFileReference; lastKnownFileType = sourcecode.swift; path = MainTabBarController.swift; sourceTree = "<group>"; };
		A4B993031FDB865A0001DF38 /* RequestCommonParameters.swift */ = {isa = PBXFileReference; lastKnownFileType = sourcecode.swift; path = RequestCommonParameters.swift; sourceTree = "<group>"; };
		A4B993071FDB89780001DF38 /* HomeMenuViewModel.swift */ = {isa = PBXFileReference; lastKnownFileType = sourcecode.swift; path = HomeMenuViewModel.swift; sourceTree = "<group>"; };
		A4B993091FDBC9750001DF38 /* LoginMannager.swift */ = {isa = PBXFileReference; fileEncoding = 4; lastKnownFileType = sourcecode.swift; path = LoginMannager.swift; sourceTree = "<group>"; };
		A4B9930B1FDBD6180001DF38 /* ChannelViewController.swift */ = {isa = PBXFileReference; lastKnownFileType = sourcecode.swift; path = ChannelViewController.swift; sourceTree = "<group>"; };
		A4B9930D1FDBD9FD0001DF38 /* HomeViewController.swift */ = {isa = PBXFileReference; lastKnownFileType = sourcecode.swift; path = HomeViewController.swift; sourceTree = "<group>"; };
		A4B9930F1FDE5A0C0001DF38 /* VirtualCategoryViewController.swift */ = {isa = PBXFileReference; lastKnownFileType = sourcecode.swift; path = VirtualCategoryViewController.swift; sourceTree = "<group>"; };
		A4B993211FDFB2220001DF38 /* InstanceViewsProtocol.swift */ = {isa = PBXFileReference; lastKnownFileType = sourcecode.swift; path = InstanceViewsProtocol.swift; sourceTree = "<group>"; };
		ED1ADAFEF07EB14F2295CD9D /* Pods_Zaful.framework */ = {isa = PBXFileReference; explicitFileType = wrapper.framework; includeInIndex = 0; path = Pods_Zaful.framework; sourceTree = BUILT_PRODUCTS_DIR; };
		F3B69D570B41B775739DEAEF /* Pods-Zaful.debug.xcconfig */ = {isa = PBXFileReference; includeInIndex = 1; lastKnownFileType = text.xcconfig; name = "Pods-Zaful.debug.xcconfig"; path = "Pods/Target Support Files/Pods-Zaful/Pods-Zaful.debug.xcconfig"; sourceTree = "<group>"; };
		FCC6DC4C6D0CA74235FC90F0 /* Pods-Zaful.release.xcconfig */ = {isa = PBXFileReference; includeInIndex = 1; lastKnownFileType = text.xcconfig; name = "Pods-Zaful.release.xcconfig"; path = "Pods/Target Support Files/Pods-Zaful/Pods-Zaful.release.xcconfig"; sourceTree = "<group>"; };
/* End PBXFileReference section */

/* Begin PBXFrameworksBuildPhase section */
		A450A3391FB6ABFB0009CD02 /* Frameworks */ = {
			isa = PBXFrameworksBuildPhase;
			buildActionMask = 2147483647;
			files = (
				35CB644EA464B94FCE103849 /* Pods_Zaful.framework in Frameworks */,
			);
			runOnlyForDeploymentPostprocessing = 0;
		};
		A450A34D1FB6ABFC0009CD02 /* Frameworks */ = {
			isa = PBXFrameworksBuildPhase;
			buildActionMask = 2147483647;
			files = (
			);
			runOnlyForDeploymentPostprocessing = 0;
		};
/* End PBXFrameworksBuildPhase section */

/* Begin PBXGroup section */
		2C9951A673ED4377032CC372 /* Pods */ = {
			isa = PBXGroup;
			children = (
				F3B69D570B41B775739DEAEF /* Pods-Zaful.debug.xcconfig */,
				FCC6DC4C6D0CA74235FC90F0 /* Pods-Zaful.release.xcconfig */,
			);
			name = Pods;
			sourceTree = "<group>";
		};
		6DA5B1981793D746AFB167D1 /* Frameworks */ = {
			isa = PBXGroup;
			children = (
				ED1ADAFEF07EB14F2295CD9D /* Pods_Zaful.framework */,
			);
			name = Frameworks;
			sourceTree = "<group>";
		};
		A450A3331FB6ABFB0009CD02 = {
			isa = PBXGroup;
			children = (
				A450A33E1FB6ABFB0009CD02 /* Zaful */,
				A450A3531FB6ABFC0009CD02 /* ZafulTests */,
				A450A33D1FB6ABFB0009CD02 /* Products */,
				2C9951A673ED4377032CC372 /* Pods */,
				6DA5B1981793D746AFB167D1 /* Frameworks */,
			);
			sourceTree = "<group>";
		};
		A450A33D1FB6ABFB0009CD02 /* Products */ = {
			isa = PBXGroup;
			children = (
				A450A33C1FB6ABFB0009CD02 /* Zaful.app */,
				A450A3501FB6ABFC0009CD02 /* ZafulTests.xctest */,
			);
			name = Products;
			sourceTree = "<group>";
		};
		A450A33E1FB6ABFB0009CD02 /* Zaful */ = {
			isa = PBXGroup;
			children = (
				A450A3871FB6AC300009CD02 /* AppDelegate */,
				A450A3681FB6AC300009CD02 /* Section */,
				A450A3601FB6AC2F0009CD02 /* Base */,
				A450A3611FB6AC2F0009CD02 /* Extensions */,
				A450A3631FB6AC2F0009CD02 /* Macros */,
				A450A3621FB6AC2F0009CD02 /* Utily */,
				A450A35F1FB6AC2F0009CD02 /* Vendor */,
				A450A3641FB6AC2F0009CD02 /* Resources */,
				A450A33F1FB6ABFB0009CD02 /* AppDelegate.swift */,
				A450A3461FB6ABFB0009CD02 /* Assets.xcassets */,
				A450A34B1FB6ABFC0009CD02 /* Info.plist */,
			);
			path = Zaful;
			sourceTree = "<group>";
		};
		A450A3531FB6ABFC0009CD02 /* ZafulTests */ = {
			isa = PBXGroup;
			children = (
				A450A3541FB6ABFC0009CD02 /* ZafulTests.swift */,
				A450A3561FB6ABFC0009CD02 /* Info.plist */,
			);
			path = ZafulTests;
			sourceTree = "<group>";
		};
		A450A35F1FB6AC2F0009CD02 /* Vendor */ = {
			isa = PBXGroup;
			children = (
			);
			path = Vendor;
			sourceTree = "<group>";
		};
		A450A3601FB6AC2F0009CD02 /* Base */ = {
			isa = PBXGroup;
			children = (
				A450A39A1FB6C65A0009CD02 /* BaseViewController.swift */,
				A450A39B1FB6C65A0009CD02 /* NavigationViewController.swift */,
				A4B993031FDB865A0001DF38 /* RequestCommonParameters.swift */,
				A4B993211FDFB2220001DF38 /* InstanceViewsProtocol.swift */,
			);
			path = Base;
			sourceTree = "<group>";
		};
		A450A3611FB6AC2F0009CD02 /* Extensions */ = {
			isa = PBXGroup;
			children = (
				A4B8821B1FC2E28900B460EF /* NSStringMYURLExtention.swift */,
				A4B882211FC2E28A00B460EF /* NSStringSizeExtention.swift */,
				A4B8821C1FC2E28900B460EF /* StringValidateExtention.swift */,
				A4B882201FC2E28A00B460EF /* UIButtonExtensions.swift */,
				A4B8821D1FC2E28900B460EF /* UIColorConvertExtention.swift */,
				A4B8821E1FC2E28900B460EF /* UIImageDrawExtention.swift */,
				A4B4D7331FE2069C007E192F /* UIViewFrameLayoutExtention.swift */,
			);
			path = Extensions;
			sourceTree = "<group>";
		};
		A450A3621FB6AC2F0009CD02 /* Utily */ = {
			isa = PBXGroup;
			children = (
				A4586A421FE26241007BBD55 /* Localizations */,
				A4B881EF1FC2E22C00B460EF /* AlertView */,
				A4B881F91FC2E22C00B460EF /* EmptyView */,
				A4B881FC1FC2E22C00B460EF /* Hub */,
				A4B881F11FC2E22C00B460EF /* LoopScrollView */,
				A4B882011FC2E22C00B460EF /* RefreshView */,
			);
			path = Utily;
			sourceTree = "<group>";
		};
		A450A3631FB6AC2F0009CD02 /* Macros */ = {
			isa = PBXGroup;
			children = (
				A4B882121FC2E24F00B460EF /* AppMacros.swift */,
				A4B882131FC2E24F00B460EF /* BusinessEnumMacros.swift */,
				A4B882151FC2E24F00B460EF /* NotificationMacros.swift */,
				A4B882111FC2E24F00B460EF /* SystemMacros.swift */,
				A4B882141FC2E24F00B460EF /* VendorMacros.swift */,
			);
			path = Macros;
			sourceTree = "<group>";
		};
		A450A3641FB6AC2F0009CD02 /* Resources */ = {
			isa = PBXGroup;
			children = (
				A450A3651FB6AC2F0009CD02 /* Files */,
				A450A3661FB6AC2F0009CD02 /* Images */,
			);
			path = Resources;
			sourceTree = "<group>";
		};
		A450A3651FB6AC2F0009CD02 /* Files */ = {
			isa = PBXGroup;
			children = (
				A48452F11FBBD84F00A8C821 /* GoogleService-Info .plist */,
				A4586A4B1FE29EDD007BBD55 /* Localizable.strings */,
			);
			path = Files;
			sourceTree = "<group>";
		};
		A450A3661FB6AC2F0009CD02 /* Images */ = {
			isa = PBXGroup;
			children = (
				A450A3671FB6AC2F0009CD02 /* LaunchImages */,
			);
			path = Images;
			sourceTree = "<group>";
		};
		A450A3671FB6AC2F0009CD02 /* LaunchImages */ = {
			isa = PBXGroup;
			children = (
			);
			path = LaunchImages;
			sourceTree = "<group>";
		};
		A450A3681FB6AC300009CD02 /* Section */ = {
			isa = PBXGroup;
			children = (
				A450A3691FB6AC300009CD02 /* Categorys */,
				A450A36F1FB6AC300009CD02 /* Favorite */,
				A450A3751FB6AC300009CD02 /* Home */,
				A450A37B1FB6AC300009CD02 /* Mine */,
				A450A3811FB6AC300009CD02 /* Z-Me */,
			);
			path = Section;
			sourceTree = "<group>";
		};
		A450A3691FB6AC300009CD02 /* Categorys */ = {
			isa = PBXGroup;
			children = (
				A48AF0661FC6ED5A00790932 /* View */,
				A450A36A1FB6AC300009CD02 /* Helper */,
				A450A36B1FB6AC300009CD02 /* Model */,
				A450A36C1FB6AC300009CD02 /* RequestApi */,
				A450A36D1FB6AC300009CD02 /* ViewController */,
				A450A36E1FB6AC300009CD02 /* ViewModel */,
			);
			path = Categorys;
			sourceTree = "<group>";
		};
		A450A36A1FB6AC300009CD02 /* Helper */ = {
			isa = PBXGroup;
			children = (
			);
			path = Helper;
			sourceTree = "<group>";
		};
		A450A36B1FB6AC300009CD02 /* Model */ = {
			isa = PBXGroup;
			children = (
			);
			path = Model;
			sourceTree = "<group>";
		};
		A450A36C1FB6AC300009CD02 /* RequestApi */ = {
			isa = PBXGroup;
			children = (
			);
			path = RequestApi;
			sourceTree = "<group>";
		};
		A450A36D1FB6AC300009CD02 /* ViewController */ = {
			isa = PBXGroup;
			children = (
				A4B882291FC2E7C800B460EF /* CategorysViewController.swift */,
				A4B9930F1FDE5A0C0001DF38 /* VirtualCategoryViewController.swift */,
			);
			path = ViewController;
			sourceTree = "<group>";
		};
		A450A36E1FB6AC300009CD02 /* ViewModel */ = {
			isa = PBXGroup;
			children = (
			);
			path = ViewModel;
			sourceTree = "<group>";
		};
		A450A36F1FB6AC300009CD02 /* Favorite */ = {
			isa = PBXGroup;
			children = (
				A48AF0671FC6ED6300790932 /* View */,
				A450A3701FB6AC300009CD02 /* Helper */,
				A450A3711FB6AC300009CD02 /* Model */,
				A450A3721FB6AC300009CD02 /* RequestApi */,
				A450A3731FB6AC300009CD02 /* ViewController */,
				A450A3741FB6AC300009CD02 /* ViewModel */,
			);
			path = Favorite;
			sourceTree = "<group>";
		};
		A450A3701FB6AC300009CD02 /* Helper */ = {
			isa = PBXGroup;
			children = (
			);
			path = Helper;
			sourceTree = "<group>";
		};
		A450A3711FB6AC300009CD02 /* Model */ = {
			isa = PBXGroup;
			children = (
			);
			path = Model;
			sourceTree = "<group>";
		};
		A450A3721FB6AC300009CD02 /* RequestApi */ = {
			isa = PBXGroup;
			children = (
			);
			path = RequestApi;
			sourceTree = "<group>";
		};
		A450A3731FB6AC300009CD02 /* ViewController */ = {
			isa = PBXGroup;
			children = (
				A4B8822B1FC2E80000B460EF /* FavoriteViewController.swift */,
			);
			path = ViewController;
			sourceTree = "<group>";
		};
		A450A3741FB6AC300009CD02 /* ViewModel */ = {
			isa = PBXGroup;
			children = (
			);
			path = ViewModel;
			sourceTree = "<group>";
		};
		A450A3751FB6AC300009CD02 /* Home */ = {
			isa = PBXGroup;
			children = (
				A48AF0681FC6ED6A00790932 /* View */,
				A450A3761FB6AC300009CD02 /* Helper */,
				A450A3771FB6AC300009CD02 /* Model */,
				A450A3781FB6AC300009CD02 /* RequestApi */,
				A450A3791FB6AC300009CD02 /* ViewController */,
				A450A37A1FB6AC300009CD02 /* ViewModel */,
			);
			path = Home;
			sourceTree = "<group>";
		};
		A450A3761FB6AC300009CD02 /* Helper */ = {
			isa = PBXGroup;
			children = (
			);
			path = Helper;
			sourceTree = "<group>";
		};
		A450A3771FB6AC300009CD02 /* Model */ = {
			isa = PBXGroup;
			children = (
				A4627CD51FC7B23200A714FA /* HomeMenuModel.swift */,
			);
			path = Model;
			sourceTree = "<group>";
		};
		A450A3781FB6AC300009CD02 /* RequestApi */ = {
			isa = PBXGroup;
			children = (
				A48AF0751FC6F06400790932 /* HomeRequest.swift */,
			);
			path = RequestApi;
			sourceTree = "<group>";
		};
		A450A3791FB6AC300009CD02 /* ViewController */ = {
			isa = PBXGroup;
			children = (
				A4B8822D1FC2E85100B460EF /* HomeMainViewController.swift */,
				A4B9930B1FDBD6180001DF38 /* ChannelViewController.swift */,
				A4B9930D1FDBD9FD0001DF38 /* HomeViewController.swift */,
			);
			path = ViewController;
			sourceTree = "<group>";
		};
		A450A37A1FB6AC300009CD02 /* ViewModel */ = {
			isa = PBXGroup;
			children = (
				A4B993071FDB89780001DF38 /* HomeMenuViewModel.swift */,
			);
			path = ViewModel;
			sourceTree = "<group>";
		};
		A450A37B1FB6AC300009CD02 /* Mine */ = {
			isa = PBXGroup;
			children = (
				A48AF0691FC6ED7200790932 /* View */,
				A450A37C1FB6AC300009CD02 /* Helper */,
				A450A37D1FB6AC300009CD02 /* Model */,
				A450A37E1FB6AC300009CD02 /* RequestApi */,
				A450A37F1FB6AC300009CD02 /* ViewController */,
				A450A3801FB6AC300009CD02 /* ViewModel */,
			);
			path = Mine;
			sourceTree = "<group>";
		};
		A450A37C1FB6AC300009CD02 /* Helper */ = {
			isa = PBXGroup;
			children = (
			);
			path = Helper;
			sourceTree = "<group>";
		};
		A450A37D1FB6AC300009CD02 /* Model */ = {
			isa = PBXGroup;
			children = (
			);
			path = Model;
			sourceTree = "<group>";
		};
		A450A37E1FB6AC300009CD02 /* RequestApi */ = {
			isa = PBXGroup;
			children = (
			);
			path = RequestApi;
			sourceTree = "<group>";
		};
		A450A37F1FB6AC300009CD02 /* ViewController */ = {
			isa = PBXGroup;
			children = (
				A4B8822F1FC2EBDC00B460EF /* MineViewController.swift */,
			);
			path = ViewController;
			sourceTree = "<group>";
		};
		A450A3801FB6AC300009CD02 /* ViewModel */ = {
			isa = PBXGroup;
			children = (
			);
			path = ViewModel;
			sourceTree = "<group>";
		};
		A450A3811FB6AC300009CD02 /* Z-Me */ = {
			isa = PBXGroup;
			children = (
				A48AF06A1FC6ED7D00790932 /* View */,
				A450A3821FB6AC300009CD02 /* Helper */,
				A450A3831FB6AC300009CD02 /* Model */,
				A450A3841FB6AC300009CD02 /* RequestApi */,
				A450A3851FB6AC300009CD02 /* ViewController */,
				A450A3861FB6AC300009CD02 /* ViewModel */,
			);
			path = "Z-Me";
			sourceTree = "<group>";
		};
		A450A3821FB6AC300009CD02 /* Helper */ = {
			isa = PBXGroup;
			children = (
			);
			path = Helper;
			sourceTree = "<group>";
		};
		A450A3831FB6AC300009CD02 /* Model */ = {
			isa = PBXGroup;
			children = (
			);
			path = Model;
			sourceTree = "<group>";
		};
		A450A3841FB6AC300009CD02 /* RequestApi */ = {
			isa = PBXGroup;
			children = (
			);
			path = RequestApi;
			sourceTree = "<group>";
		};
		A450A3851FB6AC300009CD02 /* ViewController */ = {
			isa = PBXGroup;
			children = (
				A4B882311FC2EBFF00B460EF /* CommunityViewController.swift */,
			);
			path = ViewController;
			sourceTree = "<group>";
		};
		A450A3861FB6AC300009CD02 /* ViewModel */ = {
			isa = PBXGroup;
			children = (
			);
			path = ViewModel;
			sourceTree = "<group>";
		};
		A450A3871FB6AC300009CD02 /* AppDelegate */ = {
			isa = PBXGroup;
			children = (
				A450A3881FB6AC300009CD02 /* Helper */,
				A48AF0651FC6ED5000790932 /* View */,
				A450A3891FB6AC300009CD02 /* Model */,
				A450A38A1FB6AC300009CD02 /* RequestApi */,
				A450A38B1FB6AC300009CD02 /* ViewController */,
				A450A38C1FB6AC300009CD02 /* ViewModel */,
			);
			path = AppDelegate;
			sourceTree = "<group>";
		};
		A450A3881FB6AC300009CD02 /* Helper */ = {
			isa = PBXGroup;
			children = (
				A4B993091FDBC9750001DF38 /* LoginMannager.swift */,
			);
			path = Helper;
			sourceTree = "<group>";
		};
		A450A3891FB6AC300009CD02 /* Model */ = {
			isa = PBXGroup;
			children = (
			);
			path = Model;
			sourceTree = "<group>";
		};
		A450A38A1FB6AC300009CD02 /* RequestApi */ = {
			isa = PBXGroup;
			children = (
			);
			path = RequestApi;
			sourceTree = "<group>";
		};
		A450A38B1FB6AC300009CD02 /* ViewController */ = {
			isa = PBXGroup;
			children = (
				A4B882331FC2F53100B460EF /* MainTabBarController.swift */,
				A40190151FC44F6F00541113 /* LoginViewController.swift */,
			);
			path = ViewController;
			sourceTree = "<group>";
		};
		A450A38C1FB6AC300009CD02 /* ViewModel */ = {
			isa = PBXGroup;
			children = (
			);
			path = ViewModel;
			sourceTree = "<group>";
		};
		A4586A421FE26241007BBD55 /* Localizations */ = {
			isa = PBXGroup;
			children = (
				A4586A431FE262DB007BBD55 /* LocalizationMannager.swift */,
			);
			path = Localizations;
			sourceTree = "<group>";
		};
		A48AF0651FC6ED5000790932 /* View */ = {
			isa = PBXGroup;
			children = (
				A48AF06F1FC6EDEB00790932 /* TabbarBasicContentView.swift */,
				A48AF0701FC6EDEB00790932 /* TabbarBouncesContentView.swift */,
			);
			path = View;
			sourceTree = "<group>";
		};
		A48AF0661FC6ED5A00790932 /* View */ = {
			isa = PBXGroup;
			children = (
			);
			path = View;
			sourceTree = "<group>";
		};
		A48AF0671FC6ED6300790932 /* View */ = {
			isa = PBXGroup;
			children = (
			);
			path = View;
			sourceTree = "<group>";
		};
		A48AF0681FC6ED6A00790932 /* View */ = {
			isa = PBXGroup;
			children = (
			);
			path = View;
			sourceTree = "<group>";
		};
		A48AF0691FC6ED7200790932 /* View */ = {
			isa = PBXGroup;
			children = (
			);
			path = View;
			sourceTree = "<group>";
		};
		A48AF06A1FC6ED7D00790932 /* View */ = {
			isa = PBXGroup;
			children = (
			);
			path = View;
			sourceTree = "<group>";
		};
		A4B881EF1FC2E22C00B460EF /* AlertView */ = {
			isa = PBXGroup;
			children = (
				A4B881F01FC2E22C00B460EF /* AlertView.swift */,
			);
			path = AlertView;
			sourceTree = "<group>";
		};
		A4B881F11FC2E22C00B460EF /* LoopScrollView */ = {
			isa = PBXGroup;
			children = (
				A4B881F21FC2E22C00B460EF /* loop_place.png */,
				A4B881F31FC2E22C00B460EF /* LoopCollectionViewCell.swift */,
				A4B881F41FC2E22C00B460EF /* LoopScrollView.swift */,
				A4B881F51FC2E22C00B460EF /* Readme.strings */,
			);
			path = LoopScrollView;
			sourceTree = "<group>";
		};
		A4B881F91FC2E22C00B460EF /* EmptyView */ = {
			isa = PBXGroup;
			children = (
				A4B881FA1FC2E22C00B460EF /* UIView+EmptyView.swift */,
			);
			path = EmptyView;
			sourceTree = "<group>";
		};
		A4B881FC1FC2E22C00B460EF /* Hub */ = {
			isa = PBXGroup;
			children = (
				A4B881FD1FC2E22C00B460EF /* loading_image_center.png */,
				A4B881FE1FC2E22C00B460EF /* loading_image_circle.png */,
				A4B881FF1FC2E22C00B460EF /* ProgressHub.swift */,
				A4B882001FC2E22C00B460EF /* Readme.strings */,
			);
			path = Hub;
			sourceTree = "<group>";
		};
		A4B882011FC2E22C00B460EF /* RefreshView */ = {
			isa = PBXGroup;
			children = (
				A4B882021FC2E22C00B460EF /* RefreshStyle.swift */,
			);
			path = RefreshView;
			sourceTree = "<group>";
		};
/* End PBXGroup section */

/* Begin PBXNativeTarget section */
		A450A33B1FB6ABFB0009CD02 /* Zaful */ = {
			isa = PBXNativeTarget;
			buildConfigurationList = A450A3591FB6ABFC0009CD02 /* Build configuration list for PBXNativeTarget "Zaful" */;
			buildPhases = (
				5BE6E2FDD8DCC44456CC8417 /* [CP] Check Pods Manifest.lock */,
				A450A3381FB6ABFB0009CD02 /* Sources */,
				A450A3391FB6ABFB0009CD02 /* Frameworks */,
				A450A33A1FB6ABFB0009CD02 /* Resources */,
				54E9F4CDCCD8856BA36C0028 /* [CP] Embed Pods Frameworks */,
				04762095ED2F1DAF0182398A /* [CP] Copy Pods Resources */,
			);
			buildRules = (
			);
			dependencies = (
			);
			name = Zaful;
			productName = Zaful;
			productReference = A450A33C1FB6ABFB0009CD02 /* Zaful.app */;
			productType = "com.apple.product-type.application";
		};
		A450A34F1FB6ABFC0009CD02 /* ZafulTests */ = {
			isa = PBXNativeTarget;
			buildConfigurationList = A450A35C1FB6ABFC0009CD02 /* Build configuration list for PBXNativeTarget "ZafulTests" */;
			buildPhases = (
				A450A34C1FB6ABFC0009CD02 /* Sources */,
				A450A34D1FB6ABFC0009CD02 /* Frameworks */,
				A450A34E1FB6ABFC0009CD02 /* Resources */,
			);
			buildRules = (
			);
			dependencies = (
				A450A3521FB6ABFC0009CD02 /* PBXTargetDependency */,
			);
			name = ZafulTests;
			productName = ZafulTests;
			productReference = A450A3501FB6ABFC0009CD02 /* ZafulTests.xctest */;
			productType = "com.apple.product-type.bundle.unit-test";
		};
/* End PBXNativeTarget section */

/* Begin PBXProject section */
		A450A3341FB6ABFB0009CD02 /* Project object */ = {
			isa = PBXProject;
			attributes = {
				LastSwiftUpdateCheck = 0910;
				LastUpgradeCheck = 0910;
				ORGANIZATIONNAME = karl.luo;
				TargetAttributes = {
					A450A33B1FB6ABFB0009CD02 = {
						CreatedOnToolsVersion = 9.1;
						ProvisioningStyle = Automatic;
					};
					A450A34F1FB6ABFC0009CD02 = {
						CreatedOnToolsVersion = 9.1;
						ProvisioningStyle = Automatic;
						TestTargetID = A450A33B1FB6ABFB0009CD02;
					};
				};
			};
			buildConfigurationList = A450A3371FB6ABFB0009CD02 /* Build configuration list for PBXProject "Zaful" */;
			compatibilityVersion = "Xcode 8.0";
			developmentRegion = en;
			hasScannedForEncodings = 0;
			knownRegions = (
				en,
				Base,
				es,
				ar,
				fr,
			);
			mainGroup = A450A3331FB6ABFB0009CD02;
			productRefGroup = A450A33D1FB6ABFB0009CD02 /* Products */;
			projectDirPath = "";
			projectRoot = "";
			targets = (
				A450A33B1FB6ABFB0009CD02 /* Zaful */,
				A450A34F1FB6ABFC0009CD02 /* ZafulTests */,
			);
		};
/* End PBXProject section */

/* Begin PBXResourcesBuildPhase section */
		A450A33A1FB6ABFB0009CD02 /* Resources */ = {
			isa = PBXResourcesBuildPhase;
			buildActionMask = 2147483647;
			files = (
				A4B882051FC2E22C00B460EF /* loop_place.png in Resources */,
				A4B8820C1FC2E22C00B460EF /* loading_image_center.png in Resources */,
				A4B882081FC2E22C00B460EF /* Readme.strings in Resources */,
				A4B8820D1FC2E22C00B460EF /* loading_image_circle.png in Resources */,
				A4586A491FE29EDD007BBD55 /* Localizable.strings in Resources */,
				A450A3471FB6ABFB0009CD02 /* Assets.xcassets in Resources */,
				A48452F21FBBD84F00A8C821 /* GoogleService-Info .plist in Resources */,
				A4B8820F1FC2E22C00B460EF /* Readme.strings in Resources */,
			);
			runOnlyForDeploymentPostprocessing = 0;
		};
		A450A34E1FB6ABFC0009CD02 /* Resources */ = {
			isa = PBXResourcesBuildPhase;
			buildActionMask = 2147483647;
			files = (
			);
			runOnlyForDeploymentPostprocessing = 0;
		};
/* End PBXResourcesBuildPhase section */

/* Begin PBXShellScriptBuildPhase section */
		04762095ED2F1DAF0182398A /* [CP] Copy Pods Resources */ = {
			isa = PBXShellScriptBuildPhase;
			buildActionMask = 2147483647;
			files = (
			);
			inputPaths = (
			);
			name = "[CP] Copy Pods Resources";
			outputPaths = (
			);
			runOnlyForDeploymentPostprocessing = 0;
			shellPath = /bin/sh;
			shellScript = "\"${SRCROOT}/Pods/Target Support Files/Pods-Zaful/Pods-Zaful-resources.sh\"\n";
			showEnvVarsInLog = 0;
		};
		54E9F4CDCCD8856BA36C0028 /* [CP] Embed Pods Frameworks */ = {
			isa = PBXShellScriptBuildPhase;
			buildActionMask = 2147483647;
			files = (
			);
			inputPaths = (
				"${SRCROOT}/Pods/Target Support Files/Pods-Zaful/Pods-Zaful-frameworks.sh",
				"${BUILT_PRODUCTS_DIR}/AMScrollingNavbar/AMScrollingNavbar.framework",
				"${BUILT_PRODUCTS_DIR}/Alamofire/Alamofire.framework",
				"${BUILT_PRODUCTS_DIR}/BeeHive/BeeHive.framework",
				"${BUILT_PRODUCTS_DIR}/ESPullToRefresh/ESPullToRefresh.framework",
				"${BUILT_PRODUCTS_DIR}/ESTabBarController-swift/ESTabBarController_swift.framework",
				"${BUILT_PRODUCTS_DIR}/GoogleToolboxForMac/GoogleToolboxForMac.framework",
				"${BUILT_PRODUCTS_DIR}/Hero/Hero.framework",
				"${BUILT_PRODUCTS_DIR}/KeychainAccess/KeychainAccess.framework",
				"${BUILT_PRODUCTS_DIR}/Kingfisher/Kingfisher.framework",
				"${BUILT_PRODUCTS_DIR}/Moya/Moya.framework",
				"${BUILT_PRODUCTS_DIR}/ObjectMapper/ObjectMapper.framework",
				"${BUILT_PRODUCTS_DIR}/ReachabilitySwift/Reachability.framework",
				"${BUILT_PRODUCTS_DIR}/Result/Result.framework",
				"${BUILT_PRODUCTS_DIR}/RxSwift/RxSwift.framework",
				"${BUILT_PRODUCTS_DIR}/SKPhotoBrowser/SKPhotoBrowser.framework",
				"${BUILT_PRODUCTS_DIR}/SQLite.swift/SQLite.framework",
				"${BUILT_PRODUCTS_DIR}/SnapKit/SnapKit.framework",
				"${BUILT_PRODUCTS_DIR}/SwiftyJSON/SwiftyJSON.framework",
				"${BUILT_PRODUCTS_DIR}/XLPagerTabStrip/XLPagerTabStrip.framework",
				"${BUILT_PRODUCTS_DIR}/nanopb/nanopb.framework",
			);
			name = "[CP] Embed Pods Frameworks";
			outputPaths = (
				"${TARGET_BUILD_DIR}/${FRAMEWORKS_FOLDER_PATH}/AMScrollingNavbar.framework",
				"${TARGET_BUILD_DIR}/${FRAMEWORKS_FOLDER_PATH}/Alamofire.framework",
				"${TARGET_BUILD_DIR}/${FRAMEWORKS_FOLDER_PATH}/BeeHive.framework",
				"${TARGET_BUILD_DIR}/${FRAMEWORKS_FOLDER_PATH}/ESPullToRefresh.framework",
				"${TARGET_BUILD_DIR}/${FRAMEWORKS_FOLDER_PATH}/ESTabBarController_swift.framework",
				"${TARGET_BUILD_DIR}/${FRAMEWORKS_FOLDER_PATH}/GoogleToolboxForMac.framework",
				"${TARGET_BUILD_DIR}/${FRAMEWORKS_FOLDER_PATH}/Hero.framework",
				"${TARGET_BUILD_DIR}/${FRAMEWORKS_FOLDER_PATH}/KeychainAccess.framework",
				"${TARGET_BUILD_DIR}/${FRAMEWORKS_FOLDER_PATH}/Kingfisher.framework",
				"${TARGET_BUILD_DIR}/${FRAMEWORKS_FOLDER_PATH}/Moya.framework",
				"${TARGET_BUILD_DIR}/${FRAMEWORKS_FOLDER_PATH}/ObjectMapper.framework",
				"${TARGET_BUILD_DIR}/${FRAMEWORKS_FOLDER_PATH}/Reachability.framework",
				"${TARGET_BUILD_DIR}/${FRAMEWORKS_FOLDER_PATH}/Result.framework",
				"${TARGET_BUILD_DIR}/${FRAMEWORKS_FOLDER_PATH}/RxSwift.framework",
				"${TARGET_BUILD_DIR}/${FRAMEWORKS_FOLDER_PATH}/SKPhotoBrowser.framework",
				"${TARGET_BUILD_DIR}/${FRAMEWORKS_FOLDER_PATH}/SQLite.framework",
				"${TARGET_BUILD_DIR}/${FRAMEWORKS_FOLDER_PATH}/SnapKit.framework",
				"${TARGET_BUILD_DIR}/${FRAMEWORKS_FOLDER_PATH}/SwiftyJSON.framework",
				"${TARGET_BUILD_DIR}/${FRAMEWORKS_FOLDER_PATH}/XLPagerTabStrip.framework",
				"${TARGET_BUILD_DIR}/${FRAMEWORKS_FOLDER_PATH}/nanopb.framework",
			);
			runOnlyForDeploymentPostprocessing = 0;
			shellPath = /bin/sh;
			shellScript = "\"${SRCROOT}/Pods/Target Support Files/Pods-Zaful/Pods-Zaful-frameworks.sh\"\n";
			showEnvVarsInLog = 0;
		};
		5BE6E2FDD8DCC44456CC8417 /* [CP] Check Pods Manifest.lock */ = {
			isa = PBXShellScriptBuildPhase;
			buildActionMask = 2147483647;
			files = (
			);
			inputPaths = (
				"${PODS_PODFILE_DIR_PATH}/Podfile.lock",
				"${PODS_ROOT}/Manifest.lock",
			);
			name = "[CP] Check Pods Manifest.lock";
			outputPaths = (
				"$(DERIVED_FILE_DIR)/Pods-Zaful-checkManifestLockResult.txt",
			);
			runOnlyForDeploymentPostprocessing = 0;
			shellPath = /bin/sh;
			shellScript = "diff \"${PODS_PODFILE_DIR_PATH}/Podfile.lock\" \"${PODS_ROOT}/Manifest.lock\" > /dev/null\nif [ $? != 0 ] ; then\n    # print error to STDERR\n    echo \"error: The sandbox is not in sync with the Podfile.lock. Run 'pod install' or update your CocoaPods installation.\" >&2\n    exit 1\nfi\n# This output is used by Xcode 'outputs' to avoid re-running this script phase.\necho \"SUCCESS\" > \"${SCRIPT_OUTPUT_FILE_0}\"\n";
			showEnvVarsInLog = 0;
		};
/* End PBXShellScriptBuildPhase section */

/* Begin PBXSourcesBuildPhase section */
		A450A3381FB6ABFB0009CD02 /* Sources */ = {
			isa = PBXSourcesBuildPhase;
			buildActionMask = 2147483647;
			files = (
				A4B882171FC2E25000B460EF /* AppMacros.swift in Sources */,
				A4B882061FC2E22C00B460EF /* LoopCollectionViewCell.swift in Sources */,
				A4B993101FDE5A0C0001DF38 /* VirtualCategoryViewController.swift in Sources */,
				A48AF0761FC6F06400790932 /* HomeRequest.swift in Sources */,
				A4B9930E1FDBD9FD0001DF38 /* HomeViewController.swift in Sources */,
				A4B8821A1FC2E25000B460EF /* NotificationMacros.swift in Sources */,
				A4B882301FC2EBDC00B460EF /* MineViewController.swift in Sources */,
				A450A39F1FB6C65A0009CD02 /* NavigationViewController.swift in Sources */,
				A4B993041FDB865A0001DF38 /* RequestCommonParameters.swift in Sources */,
				A4B882041FC2E22C00B460EF /* AlertView.swift in Sources */,
				A48AF0711FC6EDEB00790932 /* TabbarBasicContentView.swift in Sources */,
				A4B882071FC2E22C00B460EF /* LoopScrollView.swift in Sources */,
				A4B9930C1FDBD6180001DF38 /* ChannelViewController.swift in Sources */,
				A4B882321FC2EBFF00B460EF /* CommunityViewController.swift in Sources */,
				A4B4D7341FE2069C007E192F /* UIViewFrameLayoutExtention.swift in Sources */,
				A4586A441FE262DB007BBD55 /* LocalizationMannager.swift in Sources */,
				A4B882101FC2E22C00B460EF /* RefreshStyle.swift in Sources */,
				A4B882281FC2E28A00B460EF /* NSStringSizeExtention.swift in Sources */,
				A40190161FC44F6F00541113 /* LoginViewController.swift in Sources */,
				A4B882251FC2E28A00B460EF /* UIImageDrawExtention.swift in Sources */,
				A450A3401FB6ABFB0009CD02 /* AppDelegate.swift in Sources */,
				A48AF0721FC6EDEB00790932 /* TabbarBouncesContentView.swift in Sources */,
				A4B882341FC2F53100B460EF /* MainTabBarController.swift in Sources */,
				A4B882191FC2E25000B460EF /* VendorMacros.swift in Sources */,
				A4B882181FC2E25000B460EF /* BusinessEnumMacros.swift in Sources */,
				A4B8822E1FC2E85100B460EF /* HomeMainViewController.swift in Sources */,
				A4B993081FDB89780001DF38 /* HomeMenuViewModel.swift in Sources */,
				A450A39E1FB6C65A0009CD02 /* BaseViewController.swift in Sources */,
				A4B993221FDFB2220001DF38 /* InstanceViewsProtocol.swift in Sources */,
				A4B882221FC2E28A00B460EF /* NSStringMYURLExtention.swift in Sources */,
				A4B8820E1FC2E22C00B460EF /* ProgressHub.swift in Sources */,
				A4B882161FC2E25000B460EF /* SystemMacros.swift in Sources */,
				A4B882271FC2E28A00B460EF /* UIButtonExtensions.swift in Sources */,
				A4B8822A1FC2E7C800B460EF /* CategorysViewController.swift in Sources */,
				A4B8822C1FC2E80000B460EF /* FavoriteViewController.swift in Sources */,
				A4B882241FC2E28A00B460EF /* UIColorConvertExtention.swift in Sources */,
				A4B9930A1FDBC9760001DF38 /* LoginMannager.swift in Sources */,
				A4627CD61FC7B23200A714FA /* HomeMenuModel.swift in Sources */,
				A4B882231FC2E28A00B460EF /* StringValidateExtention.swift in Sources */,
				A4B8820B1FC2E22C00B460EF /* UIView+EmptyView.swift in Sources */,
			);
			runOnlyForDeploymentPostprocessing = 0;
		};
		A450A34C1FB6ABFC0009CD02 /* Sources */ = {
			isa = PBXSourcesBuildPhase;
			buildActionMask = 2147483647;
			files = (
				A450A3551FB6ABFC0009CD02 /* ZafulTests.swift in Sources */,
			);
			runOnlyForDeploymentPostprocessing = 0;
		};
/* End PBXSourcesBuildPhase section */

/* Begin PBXTargetDependency section */
		A450A3521FB6ABFC0009CD02 /* PBXTargetDependency */ = {
			isa = PBXTargetDependency;
			target = A450A33B1FB6ABFB0009CD02 /* Zaful */;
			targetProxy = A450A3511FB6ABFC0009CD02 /* PBXContainerItemProxy */;
		};
/* End PBXTargetDependency section */

/* Begin PBXVariantGroup section */
		A4586A4B1FE29EDD007BBD55 /* Localizable.strings */ = {
			isa = PBXVariantGroup;
			children = (
				A4586A4A1FE29EDD007BBD55 /* en */,
				A4586A4C1FE29EF6007BBD55 /* es */,
				A4586A4D1FE29F05007BBD55 /* ar */,
				A4586A4E1FE29FDC007BBD55 /* fr */,
				A4586A4F1FE2B156007BBD55 /* Base */,
			);
			name = Localizable.strings;
			sourceTree = "<group>";
		};
/* End PBXVariantGroup section */

/* Begin XCBuildConfiguration section */
		A450A3571FB6ABFC0009CD02 /* Debug */ = {
			isa = XCBuildConfiguration;
			buildSettings = {
				ALWAYS_SEARCH_USER_PATHS = NO;
				CLANG_ANALYZER_LOCALIZABILITY_NONLOCALIZED = YES;
				CLANG_ANALYZER_NONNULL = YES;
				CLANG_ANALYZER_NUMBER_OBJECT_CONVERSION = YES_AGGRESSIVE;
				CLANG_CXX_LANGUAGE_STANDARD = "gnu++14";
				CLANG_CXX_LIBRARY = "libc++";
				CLANG_ENABLE_MODULES = YES;
				CLANG_ENABLE_OBJC_ARC = YES;
				CLANG_WARN_BLOCK_CAPTURE_AUTORELEASING = YES;
				CLANG_WARN_BOOL_CONVERSION = YES;
				CLANG_WARN_COMMA = YES;
				CLANG_WARN_CONSTANT_CONVERSION = YES;
				CLANG_WARN_DIRECT_OBJC_ISA_USAGE = YES_ERROR;
				CLANG_WARN_DOCUMENTATION_COMMENTS = YES;
				CLANG_WARN_EMPTY_BODY = YES;
				CLANG_WARN_ENUM_CONVERSION = YES;
				CLANG_WARN_INFINITE_RECURSION = YES;
				CLANG_WARN_INT_CONVERSION = YES;
				CLANG_WARN_NON_LITERAL_NULL_CONVERSION = YES;
				CLANG_WARN_OBJC_LITERAL_CONVERSION = YES;
				CLANG_WARN_OBJC_ROOT_CLASS = YES_ERROR;
				CLANG_WARN_RANGE_LOOP_ANALYSIS = YES;
				CLANG_WARN_STRICT_PROTOTYPES = YES;
				CLANG_WARN_SUSPICIOUS_MOVE = YES;
				CLANG_WARN_UNGUARDED_AVAILABILITY = YES_AGGRESSIVE;
				CLANG_WARN_UNREACHABLE_CODE = YES;
				CLANG_WARN__DUPLICATE_METHOD_MATCH = YES;
				CODE_SIGN_IDENTITY = "iPhone Developer";
				COPY_PHASE_STRIP = NO;
				DEBUG_INFORMATION_FORMAT = dwarf;
				ENABLE_STRICT_OBJC_MSGSEND = YES;
				ENABLE_TESTABILITY = YES;
				GCC_C_LANGUAGE_STANDARD = gnu11;
				GCC_DYNAMIC_NO_PIC = NO;
				GCC_NO_COMMON_BLOCKS = YES;
				GCC_OPTIMIZATION_LEVEL = 0;
				GCC_PREPROCESSOR_DEFINITIONS = (
					"DEBUG=1",
					"$(inherited)",
				);
				GCC_WARN_64_TO_32_BIT_CONVERSION = YES;
				GCC_WARN_ABOUT_RETURN_TYPE = YES_ERROR;
				GCC_WARN_UNDECLARED_SELECTOR = YES;
				GCC_WARN_UNINITIALIZED_AUTOS = YES_AGGRESSIVE;
				GCC_WARN_UNUSED_FUNCTION = YES;
				GCC_WARN_UNUSED_VARIABLE = YES;
				IPHONEOS_DEPLOYMENT_TARGET = 11.1;
				MTL_ENABLE_DEBUG_INFO = YES;
				ONLY_ACTIVE_ARCH = YES;
				SDKROOT = iphoneos;
				SWIFT_ACTIVE_COMPILATION_CONDITIONS = DEBUG;
				SWIFT_OPTIMIZATION_LEVEL = "-Onone";
			};
			name = Debug;
		};
		A450A3581FB6ABFC0009CD02 /* Release */ = {
			isa = XCBuildConfiguration;
			buildSettings = {
				ALWAYS_SEARCH_USER_PATHS = NO;
				CLANG_ANALYZER_LOCALIZABILITY_NONLOCALIZED = YES;
				CLANG_ANALYZER_NONNULL = YES;
				CLANG_ANALYZER_NUMBER_OBJECT_CONVERSION = YES_AGGRESSIVE;
				CLANG_CXX_LANGUAGE_STANDARD = "gnu++14";
				CLANG_CXX_LIBRARY = "libc++";
				CLANG_ENABLE_MODULES = YES;
				CLANG_ENABLE_OBJC_ARC = YES;
				CLANG_WARN_BLOCK_CAPTURE_AUTORELEASING = YES;
				CLANG_WARN_BOOL_CONVERSION = YES;
				CLANG_WARN_COMMA = YES;
				CLANG_WARN_CONSTANT_CONVERSION = YES;
				CLANG_WARN_DIRECT_OBJC_ISA_USAGE = YES_ERROR;
				CLANG_WARN_DOCUMENTATION_COMMENTS = YES;
				CLANG_WARN_EMPTY_BODY = YES;
				CLANG_WARN_ENUM_CONVERSION = YES;
				CLANG_WARN_INFINITE_RECURSION = YES;
				CLANG_WARN_INT_CONVERSION = YES;
				CLANG_WARN_NON_LITERAL_NULL_CONVERSION = YES;
				CLANG_WARN_OBJC_LITERAL_CONVERSION = YES;
				CLANG_WARN_OBJC_ROOT_CLASS = YES_ERROR;
				CLANG_WARN_RANGE_LOOP_ANALYSIS = YES;
				CLANG_WARN_STRICT_PROTOTYPES = YES;
				CLANG_WARN_SUSPICIOUS_MOVE = YES;
				CLANG_WARN_UNGUARDED_AVAILABILITY = YES_AGGRESSIVE;
				CLANG_WARN_UNREACHABLE_CODE = YES;
				CLANG_WARN__DUPLICATE_METHOD_MATCH = YES;
				CODE_SIGN_IDENTITY = "iPhone Developer";
				COPY_PHASE_STRIP = NO;
				DEBUG_INFORMATION_FORMAT = "dwarf-with-dsym";
				ENABLE_NS_ASSERTIONS = NO;
				ENABLE_STRICT_OBJC_MSGSEND = YES;
				GCC_C_LANGUAGE_STANDARD = gnu11;
				GCC_NO_COMMON_BLOCKS = YES;
				GCC_WARN_64_TO_32_BIT_CONVERSION = YES;
				GCC_WARN_ABOUT_RETURN_TYPE = YES_ERROR;
				GCC_WARN_UNDECLARED_SELECTOR = YES;
				GCC_WARN_UNINITIALIZED_AUTOS = YES_AGGRESSIVE;
				GCC_WARN_UNUSED_FUNCTION = YES;
				GCC_WARN_UNUSED_VARIABLE = YES;
				IPHONEOS_DEPLOYMENT_TARGET = 11.1;
				MTL_ENABLE_DEBUG_INFO = NO;
				SDKROOT = iphoneos;
				SWIFT_OPTIMIZATION_LEVEL = "-Owholemodule";
				VALIDATE_PRODUCT = YES;
			};
			name = Release;
		};
		A450A35A1FB6ABFC0009CD02 /* Debug */ = {
			isa = XCBuildConfiguration;
			baseConfigurationReference = F3B69D570B41B775739DEAEF /* Pods-Zaful.debug.xcconfig */;
			buildSettings = {
				ASSETCATALOG_COMPILER_APPICON_NAME = AppIcon;
				ASSETCATALOG_COMPILER_LAUNCHIMAGE_NAME = LaunchImage;
				CODE_SIGN_STYLE = Automatic;
				DEVELOPMENT_TEAM = 3Y845XRY6W;
				INFOPLIST_FILE = Zaful/Info.plist;
				IPHONEOS_DEPLOYMENT_TARGET = 10.0;
				LD_RUNPATH_SEARCH_PATHS = "$(inherited) @executable_path/Frameworks";
				PRODUCT_BUNDLE_IDENTIFIER = com.zaful.ZafulSwift;
				PRODUCT_NAME = "$(TARGET_NAME)";
				SWIFT_VERSION = 4.0;
				TARGETED_DEVICE_FAMILY = 1;
			};
			name = Debug;
		};
		A450A35B1FB6ABFC0009CD02 /* Release */ = {
			isa = XCBuildConfiguration;
			baseConfigurationReference = FCC6DC4C6D0CA74235FC90F0 /* Pods-Zaful.release.xcconfig */;
			buildSettings = {
				ASSETCATALOG_COMPILER_APPICON_NAME = AppIcon;
				ASSETCATALOG_COMPILER_LAUNCHIMAGE_NAME = LaunchImage;
				CODE_SIGN_STYLE = Automatic;
				DEVELOPMENT_TEAM = 3Y845XRY6W;
				INFOPLIST_FILE = Zaful/Info.plist;
				IPHONEOS_DEPLOYMENT_TARGET = 10.0;
				LD_RUNPATH_SEARCH_PATHS = "$(inherited) @executable_path/Frameworks";
				PRODUCT_BUNDLE_IDENTIFIER = com.zaful.ZafulSwift;
				PRODUCT_NAME = "$(TARGET_NAME)";
				SWIFT_VERSION = 4.0;
				TARGETED_DEVICE_FAMILY = 1;
			};
			name = Release;
		};
		A450A35D1FB6ABFC0009CD02 /* Debug */ = {
			isa = XCBuildConfiguration;
			buildSettings = {
				ALWAYS_EMBED_SWIFT_STANDARD_LIBRARIES = YES;
				BUNDLE_LOADER = "$(TEST_HOST)";
				CODE_SIGN_STYLE = Automatic;
				DEVELOPMENT_TEAM = 3Y845XRY6W;
				INFOPLIST_FILE = ZafulTests/Info.plist;
				LD_RUNPATH_SEARCH_PATHS = "$(inherited) @executable_path/Frameworks @loader_path/Frameworks";
				PRODUCT_BUNDLE_IDENTIFIER = com.globalegrow.ZafulTests;
				PRODUCT_NAME = "$(TARGET_NAME)";
				SWIFT_VERSION = 4.0;
				TARGETED_DEVICE_FAMILY = "1,2";
				TEST_HOST = "$(BUILT_PRODUCTS_DIR)/Zaful.app/Zaful";
			};
			name = Debug;
		};
		A450A35E1FB6ABFC0009CD02 /* Release */ = {
			isa = XCBuildConfiguration;
			buildSettings = {
				ALWAYS_EMBED_SWIFT_STANDARD_LIBRARIES = YES;
				BUNDLE_LOADER = "$(TEST_HOST)";
				CODE_SIGN_STYLE = Automatic;
				DEVELOPMENT_TEAM = 3Y845XRY6W;
				INFOPLIST_FILE = ZafulTests/Info.plist;
				LD_RUNPATH_SEARCH_PATHS = "$(inherited) @executable_path/Frameworks @loader_path/Frameworks";
				PRODUCT_BUNDLE_IDENTIFIER = com.globalegrow.ZafulTests;
				PRODUCT_NAME = "$(TARGET_NAME)";
				SWIFT_VERSION = 4.0;
				TARGETED_DEVICE_FAMILY = "1,2";
				TEST_HOST = "$(BUILT_PRODUCTS_DIR)/Zaful.app/Zaful";
			};
			name = Release;
		};
/* End XCBuildConfiguration section */

/* Begin XCConfigurationList section */
		A450A3371FB6ABFB0009CD02 /* Build configuration list for PBXProject "Zaful" */ = {
			isa = XCConfigurationList;
			buildConfigurations = (
				A450A3571FB6ABFC0009CD02 /* Debug */,
				A450A3581FB6ABFC0009CD02 /* Release */,
			);
			defaultConfigurationIsVisible = 0;
			defaultConfigurationName = Release;
		};
		A450A3591FB6ABFC0009CD02 /* Build configuration list for PBXNativeTarget "Zaful" */ = {
			isa = XCConfigurationList;
			buildConfigurations = (
				A450A35A1FB6ABFC0009CD02 /* Debug */,
				A450A35B1FB6ABFC0009CD02 /* Release */,
			);
			defaultConfigurationIsVisible = 0;
			defaultConfigurationName = Release;
		};
		A450A35C1FB6ABFC0009CD02 /* Build configuration list for PBXNativeTarget "ZafulTests" */ = {
			isa = XCConfigurationList;
			buildConfigurations = (
				A450A35D1FB6ABFC0009CD02 /* Debug */,
				A450A35E1FB6ABFC0009CD02 /* Release */,
			);
			defaultConfigurationIsVisible = 0;
			defaultConfigurationName = Release;
		};
/* End XCConfigurationList section */
	};
	rootObject = A450A3341FB6ABFB0009CD02 /* Project object */;
}
